// !$*UTF8*$!
{
	archiveVersion = 1;
	classes = {
	};
	objectVersion = 50;
	objects = {

/* Begin PBXBuildFile section */
		879CE7A020B033C6007039E3 /* AppDelegate.swift in Sources */ = {isa = PBXBuildFile; fileRef = 879CE79F20B033C6007039E3 /* AppDelegate.swift */; };
		879CE7A220B033C6007039E3 /* ViewController.swift in Sources */ = {isa = PBXBuildFile; fileRef = 879CE7A120B033C6007039E3 /* ViewController.swift */; };
		879CE7A520B033C6007039E3 /* Main.storyboard in Resources */ = {isa = PBXBuildFile; fileRef = 879CE7A320B033C6007039E3 /* Main.storyboard */; };
		879CE7A720B033C8007039E3 /* Assets.xcassets in Resources */ = {isa = PBXBuildFile; fileRef = 879CE7A620B033C8007039E3 /* Assets.xcassets */; };
		879CE7AA20B033C8007039E3 /* LaunchScreen.storyboard in Resources */ = {isa = PBXBuildFile; fileRef = 879CE7A820B033C8007039E3 /* LaunchScreen.storyboard */; };
		879CE7B520B033C8007039E3 /* IntroToUnitTestsTests.swift in Sources */ = {isa = PBXBuildFile; fileRef = 879CE7B420B033C8007039E3 /* IntroToUnitTestsTests.swift */; };
/* End PBXBuildFile section */

/* Begin PBXContainerItemProxy section */
		879CE7B120B033C8007039E3 /* PBXContainerItemProxy */ = {
			isa = PBXContainerItemProxy;
			containerPortal = 879CE79420B033C6007039E3 /* Project object */;
			proxyType = 1;
			remoteGlobalIDString = 879CE79B20B033C6007039E3;
			remoteInfo = IntroToUnitTests;
		};
/* End PBXContainerItemProxy section */

/* Begin PBXFileReference section */
		879CE79C20B033C6007039E3 /* IntroToUnitTests.app */ = {isa = PBXFileReference; explicitFileType = wrapper.application; includeInIndex = 0; path = IntroToUnitTests.app; sourceTree = BUILT_PRODUCTS_DIR; };
		879CE79F20B033C6007039E3 /* AppDelegate.swift */ = {isa = PBXFileReference; lastKnownFileType = sourcecode.swift; path = AppDelegate.swift; sourceTree = "<group>"; };
		879CE7A120B033C6007039E3 /* ViewController.swift */ = {isa = PBXFileReference; lastKnownFileType = sourcecode.swift; path = ViewController.swift; sourceTree = "<group>"; };
		879CE7A420B033C6007039E3 /* Base */ = {isa = PBXFileReference; lastKnownFileType = file.storyboard; name = Base; path = Base.lproj/Main.storyboard; sourceTree = "<group>"; };
		879CE7A620B033C8007039E3 /* Assets.xcassets */ = {isa = PBXFileReference; lastKnownFileType = folder.assetcatalog; path = Assets.xcassets; sourceTree = "<group>"; };
		879CE7A920B033C8007039E3 /* Base */ = {isa = PBXFileReference; lastKnownFileType = file.storyboard; name = Base; path = Base.lproj/LaunchScreen.storyboard; sourceTree = "<group>"; };
		879CE7AB20B033C8007039E3 /* Info.plist */ = {isa = PBXFileReference; lastKnownFileType = text.plist.xml; path = Info.plist; sourceTree = "<group>"; };
		879CE7B020B033C8007039E3 /* IntroToUnitTestsTests.xctest */ = {isa = PBXFileReference; explicitFileType = wrapper.cfbundle; includeInIndex = 0; path = IntroToUnitTestsTests.xctest; sourceTree = BUILT_PRODUCTS_DIR; };
		879CE7B420B033C8007039E3 /* IntroToUnitTestsTests.swift */ = {isa = PBXFileReference; lastKnownFileType = sourcecode.swift; path = IntroToUnitTestsTests.swift; sourceTree = "<group>"; };
		879CE7B620B033C8007039E3 /* Info.plist */ = {isa = PBXFileReference; lastKnownFileType = text.plist.xml; path = Info.plist; sourceTree = "<group>"; };
/* End PBXFileReference section */

/* Begin PBXFrameworksBuildPhase section */
		879CE79920B033C6007039E3 /* Frameworks */ = {
			isa = PBXFrameworksBuildPhase;
			buildActionMask = 2147483647;
			files = (
			);
			runOnlyForDeploymentPostprocessing = 0;
		};
		879CE7AD20B033C8007039E3 /* Frameworks */ = {
			isa = PBXFrameworksBuildPhase;
			buildActionMask = 2147483647;
			files = (
			);
			runOnlyForDeploymentPostprocessing = 0;
		};
/* End PBXFrameworksBuildPhase section */

/* Begin PBXGroup section */
		879CE79320B033C6007039E3 = {
			isa = PBXGroup;
			children = (
				879CE79E20B033C6007039E3 /* IntroToUnitTests */,
				879CE7B320B033C8007039E3 /* IntroToUnitTestsTests */,
				879CE79D20B033C6007039E3 /* Products */,
			);
			sourceTree = "<group>";
		};
		879CE79D20B033C6007039E3 /* Products */ = {
			isa = PBXGroup;
			children = (
				879CE79C20B033C6007039E3 /* IntroToUnitTests.app */,
				879CE7B020B033C8007039E3 /* IntroToUnitTestsTests.xctest */,
			);
			name = Products;
			sourceTree = "<group>";
		};
		879CE79E20B033C6007039E3 /* IntroToUnitTests */ = {
			isa = PBXGroup;
			children = (
				879CE79F20B033C6007039E3 /* AppDelegate.swift */,
				879CE7A120B033C6007039E3 /* ViewController.swift */,
				879CE7A320B033C6007039E3 /* Main.storyboard */,
				879CE7A620B033C8007039E3 /* Assets.xcassets */,
				879CE7A820B033C8007039E3 /* LaunchScreen.storyboard */,
				879CE7AB20B033C8007039E3 /* Info.plist */,
			);
			path = IntroToUnitTests;
			sourceTree = "<group>";
		};
		879CE7B320B033C8007039E3 /* IntroToUnitTestsTests */ = {
			isa = PBXGroup;
			children = (
				879CE7B420B033C8007039E3 /* IntroToUnitTestsTests.swift */,
				879CE7B620B033C8007039E3 /* Info.plist */,
			);
			path = IntroToUnitTestsTests;
			sourceTree = "<group>";
		};
/* End PBXGroup section */

/* Begin PBXNativeTarget section */
		879CE79B20B033C6007039E3 /* IntroToUnitTests */ = {
			isa = PBXNativeTarget;
			buildConfigurationList = 879CE7B920B033C8007039E3 /* Build configuration list for PBXNativeTarget "IntroToUnitTests" */;
			buildPhases = (
				879CE79820B033C6007039E3 /* Sources */,
				879CE79920B033C6007039E3 /* Frameworks */,
				879CE79A20B033C6007039E3 /* Resources */,
			);
			buildRules = (
			);
			dependencies = (
			);
			name = IntroToUnitTests;
			productName = IntroToUnitTests;
			productReference = 879CE79C20B033C6007039E3 /* IntroToUnitTests.app */;
			productType = "com.apple.product-type.application";
		};
		879CE7AF20B033C8007039E3 /* IntroToUnitTestsTests */ = {
			isa = PBXNativeTarget;
			buildConfigurationList = 879CE7BC20B033C8007039E3 /* Build configuration list for PBXNativeTarget "IntroToUnitTestsTests" */;
			buildPhases = (
				879CE7AC20B033C8007039E3 /* Sources */,
				879CE7AD20B033C8007039E3 /* Frameworks */,
				879CE7AE20B033C8007039E3 /* Resources */,
			);
			buildRules = (
			);
			dependencies = (
				879CE7B220B033C8007039E3 /* PBXTargetDependency */,
			);
			name = IntroToUnitTestsTests;
			productName = IntroToUnitTestsTests;
			productReference = 879CE7B020B033C8007039E3 /* IntroToUnitTestsTests.xctest */;
			productType = "com.apple.product-type.bundle.unit-test";
		};
/* End PBXNativeTarget section */

/* Begin PBXProject section */
		879CE79420B033C6007039E3 /* Project object */ = {
			isa = PBXProject;
			attributes = {
				LastSwiftUpdateCheck = 0930;
				LastUpgradeCheck = 0930;
				ORGANIZATIONNAME = "Ruslan Akberov";
				TargetAttributes = {
					879CE79B20B033C6007039E3 = {
						CreatedOnToolsVersion = 9.3.1;
					};
					879CE7AF20B033C8007039E3 = {
						CreatedOnToolsVersion = 9.3.1;
						TestTargetID = 879CE79B20B033C6007039E3;
					};
				};
			};
			buildConfigurationList = 879CE79720B033C6007039E3 /* Build configuration list for PBXProject "IntroToUnitTests" */;
			compatibilityVersion = "Xcode 9.3";
			developmentRegion = en;
			hasScannedForEncodings = 0;
			knownRegions = (
				en,
				Base,
			);
			mainGroup = 879CE79320B033C6007039E3;
			productRefGroup = 879CE79D20B033C6007039E3 /* Products */;
			projectDirPath = "";
			projectRoot = "";
			targets = (
				879CE79B20B033C6007039E3 /* IntroToUnitTests */,
				879CE7AF20B033C8007039E3 /* IntroToUnitTestsTests */,
			);
		};
/* End PBXProject section */

/* Begin PBXResourcesBuildPhase section */
		879CE79A20B033C6007039E3 /* Resources */ = {
			isa = PBXResourcesBuildPhase;
			buildActionMask = 2147483647;
			files = (
				879CE7AA20B033C8007039E3 /* LaunchScreen.storyboard in Resources */,
				879CE7A720B033C8007039E3 /* Assets.xcassets in Resources */,
				879CE7A520B033C6007039E3 /* Main.storyboard in Resources */,
			);
			runOnlyForDeploymentPostprocessing = 0;
		};
		879CE7AE20B033C8007039E3 /* Resources */ = {
			isa = PBXResourcesBuildPhase;
			buildActionMask = 2147483647;
			files = (
			);
			runOnlyForDeploymentPostprocessing = 0;
		};
/* End PBXResourcesBuildPhase section */

/* Begin PBXSourcesBuildPhase section */
		879CE79820B033C6007039E3 /* Sources */ = {
			isa = PBXSourcesBuildPhase;
			buildActionMask = 2147483647;
			files = (
				879CE7A220B033C6007039E3 /* ViewController.swift in Sources */,
				879CE7A020B033C6007039E3 /* AppDelegate.swift in Sources */,
			);
			runOnlyForDeploymentPostprocessing = 0;
		};
		879CE7AC20B033C8007039E3 /* Sources */ = {
			isa = PBXSourcesBuildPhase;
			buildActionMask = 2147483647;
			files = (
				879CE7B520B033C8007039E3 /* IntroToUnitTestsTests.swift in Sources */,
			);
			runOnlyForDeploymentPostprocessing = 0;
		};
/* End PBXSourcesBuildPhase section */

/* Begin PBXTargetDependency section */
		879CE7B220B033C8007039E3 /* PBXTargetDependency */ = {
			isa = PBXTargetDependency;
			target = 879CE79B20B033C6007039E3 /* IntroToUnitTests */;
			targetProxy = 879CE7B120B033C8007039E3 /* PBXContainerItemProxy */;
		};
/* End PBXTargetDependency section */

/* Begin PBXVariantGroup section */
		879CE7A320B033C6007039E3 /* Main.storyboard */ = {
			isa = PBXVariantGroup;
			children = (
				879CE7A420B033C6007039E3 /* Base */,
			);
			name = Main.storyboard;
			sourceTree = "<group>";
		};
		879CE7A820B033C8007039E3 /* LaunchScreen.storyboard */ = {
			isa = PBXVariantGroup;
			children = (
				879CE7A920B033C8007039E3 /* Base */,
			);
			name = LaunchScreen.storyboard;
			sourceTree = "<group>";
		};
/* End PBXVariantGroup section */

/* Begin XCBuildConfiguration section */
		879CE7B720B033C8007039E3 /* Debug */ = {
			isa = XCBuildConfiguration;
			buildSettings = {
				ALWAYS_SEARCH_USER_PATHS = NO;
				CLANG_ANALYZER_NONNULL = YES;
				CLANG_ANALYZER_NUMBER_OBJECT_CONVERSION = YES_AGGRESSIVE;
				CLANG_CXX_LANGUAGE_STANDARD = "gnu++14";
				CLANG_CXX_LIBRARY = "libc++";
				CLANG_ENABLE_MODULES = YES;
				CLANG_ENABLE_OBJC_ARC = YES;
				CLANG_ENABLE_OBJC_WEAK = YES;
				CLANG_WARN_BLOCK_CAPTURE_AUTORELEASING = YES;
				CLANG_WARN_BOOL_CONVERSION = YES;
				CLANG_WARN_COMMA = YES;
				CLANG_WARN_CONSTANT_CONVERSION = YES;
				CLANG_WARN_DEPRECATED_OBJC_IMPLEMENTATIONS = YES;
				CLANG_WARN_DIRECT_OBJC_ISA_USAGE = YES_ERROR;
				CLANG_WARN_DOCUMENTATION_COMMENTS = YES;
				CLANG_WARN_EMPTY_BODY = YES;
				CLANG_WARN_ENUM_CONVERSION = YES;
				CLANG_WARN_INFINITE_RECURSION = YES;
				CLANG_WARN_INT_CONVERSION = YES;
				CLANG_WARN_NON_LITERAL_NULL_CONVERSION = YES;
				CLANG_WARN_OBJC_IMPLICIT_RETAIN_SELF = YES;
				CLANG_WARN_OBJC_LITERAL_CONVERSION = YES;
				CLANG_WARN_OBJC_ROOT_CLASS = YES_ERROR;
				CLANG_WARN_RANGE_LOOP_ANALYSIS = YES;
				CLANG_WARN_STRICT_PROTOTYPES = YES;
				CLANG_WARN_SUSPICIOUS_MOVE = YES;
				CLANG_WARN_UNGUARDED_AVAILABILITY = YES_AGGRESSIVE;
				CLANG_WARN_UNREACHABLE_CODE = YES;
				CLANG_WARN__DUPLICATE_METHOD_MATCH = YES;
				CODE_SIGN_IDENTITY = "iPhone Developer";
				COPY_PHASE_STRIP = NO;
				DEBUG_INFORMATION_FORMAT = dwarf;
				ENABLE_STRICT_OBJC_MSGSEND = YES;
				ENABLE_TESTABILITY = YES;
				GCC_C_LANGUAGE_STANDARD = gnu11;
				GCC_DYNAMIC_NO_PIC = NO;
				GCC_NO_COMMON_BLOCKS = YES;
				GCC_OPTIMIZATION_LEVEL = 0;
				GCC_PREPROCESSOR_DEFINITIONS = (
					"DEBUG=1",
					"$(inherited)",
				);
				GCC_WARN_64_TO_32_BIT_CONVERSION = YES;
				GCC_WARN_ABOUT_RETURN_TYPE = YES_ERROR;
				GCC_WARN_UNDECLARED_SELECTOR = YES;
				GCC_WARN_UNINITIALIZED_AUTOS = YES_AGGRESSIVE;
				GCC_WARN_UNUSED_FUNCTION = YES;
				GCC_WARN_UNUSED_VARIABLE = YES;
				IPHONEOS_DEPLOYMENT_TARGET = 11.3;
				MTL_ENABLE_DEBUG_INFO = YES;
				ONLY_ACTIVE_ARCH = YES;
				SDKROOT = iphoneos;
				SWIFT_ACTIVE_COMPILATION_CONDITIONS = DEBUG;
				SWIFT_OPTIMIZATION_LEVEL = "-Onone";
			};
			name = Debug;
		};
		879CE7B820B033C8007039E3 /* Release */ = {
			isa = XCBuildConfiguration;
			buildSettings = {
				ALWAYS_SEARCH_USER_PATHS = NO;
				CLANG_ANALYZER_NONNULL = YES;
				CLANG_ANALYZER_NUMBER_OBJECT_CONVERSION = YES_AGGRESSIVE;
				CLANG_CXX_LANGUAGE_STANDARD = "gnu++14";
				CLANG_CXX_LIBRARY = "libc++";
				CLANG_ENABLE_MODULES = YES;
				CLANG_ENABLE_OBJC_ARC = YES;
				CLANG_ENABLE_OBJC_WEAK = YES;
				CLANG_WARN_BLOCK_CAPTURE_AUTORELEASING = YES;
				CLANG_WARN_BOOL_CONVERSION = YES;
				CLANG_WARN_COMMA = YES;
				CLANG_WARN_CONSTANT_CONVERSION = YES;
				CLANG_WARN_DEPRECATED_OBJC_IMPLEMENTATIONS = YES;
				CLANG_WARN_DIRECT_OBJC_ISA_USAGE = YES_ERROR;
				CLANG_WARN_DOCUMENTATION_COMMENTS = YES;
				CLANG_WARN_EMPTY_BODY = YES;
				CLANG_WARN_ENUM_CONVERSION = YES;
				CLANG_WARN_INFINITE_RECURSION = YES;
				CLANG_WARN_INT_CONVERSION = YES;
				CLANG_WARN_NON_LITERAL_NULL_CONVERSION = YES;
				CLANG_WARN_OBJC_IMPLICIT_RETAIN_SELF = YES;
				CLANG_WARN_OBJC_LITERAL_CONVERSION = YES;
				CLANG_WARN_OBJC_ROOT_CLASS = YES_ERROR;
				CLANG_WARN_RANGE_LOOP_ANALYSIS = YES;
				CLANG_WARN_STRICT_PROTOTYPES = YES;
				CLANG_WARN_SUSPICIOUS_MOVE = YES;
				CLANG_WARN_UNGUARDED_AVAILABILITY = YES_AGGRESSIVE;
				CLANG_WARN_UNREACHABLE_CODE = YES;
				CLANG_WARN__DUPLICATE_METHOD_MATCH = YES;
				CODE_SIGN_IDENTITY = "iPhone Developer";
				COPY_PHASE_STRIP = NO;
				DEBUG_INFORMATION_FORMAT = "dwarf-with-dsym";
				ENABLE_NS_ASSERTIONS = NO;
				ENABLE_STRICT_OBJC_MSGSEND = YES;
				GCC_C_LANGUAGE_STANDARD = gnu11;
				GCC_NO_COMMON_BLOCKS = YES;
				GCC_WARN_64_TO_32_BIT_CONVERSION = YES;
				GCC_WARN_ABOUT_RETURN_TYPE = YES_ERROR;
				GCC_WARN_UNDECLARED_SELECTOR = YES;
				GCC_WARN_UNINITIALIZED_AUTOS = YES_AGGRESSIVE;
				GCC_WARN_UNUSED_FUNCTION = YES;
				GCC_WARN_UNUSED_VARIABLE = YES;
				IPHONEOS_DEPLOYMENT_TARGET = 11.3;
				MTL_ENABLE_DEBUG_INFO = NO;
				SDKROOT = iphoneos;
				SWIFT_COMPILATION_MODE = wholemodule;
				SWIFT_OPTIMIZATION_LEVEL = "-O";
				VALIDATE_PRODUCT = YES;
			};
			name = Release;
		};
		879CE7BA20B033C8007039E3 /* Debug */ = {
			isa = XCBuildConfiguration;
			buildSettings = {
				ASSETCATALOG_COMPILER_APPICON_NAME = AppIcon;
				CODE_SIGN_STYLE = Automatic;
				DEVELOPMENT_TEAM = JMYF9P9VY4;
				INFOPLIST_FILE = IntroToUnitTests/Info.plist;
				LD_RUNPATH_SEARCH_PATHS = (
					"$(inherited)",
					"@executable_path/Frameworks",
				);
				PRODUCT_BUNDLE_IDENTIFIER = com.akberovapps.IntroToUnitTests;
				PRODUCT_NAME = "$(TARGET_NAME)";
				SWIFT_VERSION = 4.0;
				TARGETED_DEVICE_FAMILY = "1,2";
			};
			name = Debug;
		};
		879CE7BB20B033C8007039E3 /* Release */ = {
			isa = XCBuildConfiguration;
			buildSettings = {
				ASSETCATALOG_COMPILER_APPICON_NAME = AppIcon;
				CODE_SIGN_STYLE = Automatic;
				DEVELOPMENT_TEAM = JMYF9P9VY4;
				INFOPLIST_FILE = IntroToUnitTests/Info.plist;
				LD_RUNPATH_SEARCH_PATHS = (
					"$(inherited)",
					"@executable_path/Frameworks",
				);
				PRODUCT_BUNDLE_IDENTIFIER = com.akberovapps.IntroToUnitTests;
				PRODUCT_NAME = "$(TARGET_NAME)";
				SWIFT_VERSION = 4.0;
				TARGETED_DEVICE_FAMILY = "1,2";
			};
			name = Release;
		};
		879CE7BD20B033C8007039E3 /* Debug */ = {
			isa = XCBuildConfiguration;
			buildSettings = {
				ALWAYS_EMBED_SWIFT_STANDARD_LIBRARIES = YES;
				BUNDLE_LOADER = "$(TEST_HOST)";
				CODE_SIGN_STYLE = Automatic;
				DEVELOPMENT_TEAM = JMYF9P9VY4;
				INFOPLIST_FILE = IntroToUnitTestsTests/Info.plist;
				LD_RUNPATH_SEARCH_PATHS = (
					"$(inherited)",
					"@executable_path/Frameworks",
					"@loader_path/Frameworks",
				);
				PRODUCT_BUNDLE_IDENTIFIER = com.akberovapps.IntroToUnitTestsTests;
				PRODUCT_NAME = "$(TARGET_NAME)";
				SWIFT_VERSION = 4.0;
				TARGETED_DEVICE_FAMILY = "1,2";
				TEST_HOST = "$(BUILT_PRODUCTS_DIR)/IntroToUnitTests.app/IntroToUnitTests";
			};
			name = Debug;
		};
		879CE7BE20B033C8007039E3 /* Release */ = {
			isa = XCBuildConfiguration;
			buildSettings = {
				ALWAYS_EMBED_SWIFT_STANDARD_LIBRARIES = YES;
				BUNDLE_LOADER = "$(TEST_HOST)";
				CODE_SIGN_STYLE = Automatic;
				DEVELOPMENT_TEAM = JMYF9P9VY4;
				INFOPLIST_FILE = IntroToUnitTestsTests/Info.plist;
				LD_RUNPATH_SEARCH_PATHS = (
					"$(inherited)",
					"@executable_path/Frameworks",
					"@loader_path/Frameworks",
				);
				PRODUCT_BUNDLE_IDENTIFIER = com.akberovapps.IntroToUnitTestsTests;
				PRODUCT_NAME = "$(TARGET_NAME)";
				SWIFT_VERSION = 4.0;
				TARGETED_DEVICE_FAMILY = "1,2";
				TEST_HOST = "$(BUILT_PRODUCTS_DIR)/IntroToUnitTests.app/IntroToUnitTests";
			};
			name = Release;
		};
/* End XCBuildConfiguration section */

/* Begin XCConfigurationList section */
		879CE79720B033C6007039E3 /* Build configuration list for PBXProject "IntroToUnitTests" */ = {
			isa = XCConfigurationList;
			buildConfigurations = (
				879CE7B720B033C8007039E3 /* Debug */,
				879CE7B820B033C8007039E3 /* Release */,
			);
			defaultConfigurationIsVisible = 0;
			defaultConfigurationName = Release;
		};
		879CE7B920B033C8007039E3 /* Build configuration list for PBXNativeTarget "IntroToUnitTests" */ = {
			isa = XCConfigurationList;
			buildConfigurations = (
				879CE7BA20B033C8007039E3 /* Debug */,
				879CE7BB20B033C8007039E3 /* Release */,
			);
			defaultConfigurationIsVisible = 0;
			defaultConfigurationName = Release;
		};
		879CE7BC20B033C8007039E3 /* Build configuration list for PBXNativeTarget "IntroToUnitTestsTests" */ = {
			isa = XCConfigurationList;
			buildConfigurations = (
				879CE7BD20B033C8007039E3 /* Debug */,
				879CE7BE20B033C8007039E3 /* Release */,
			);
			defaultConfigurationIsVisible = 0;
			defaultConfigurationName = Release;
		};
/* End XCConfigurationList section */
	};
	rootObject = 879CE79420B033C6007039E3 /* Project object */;
}
